// !$*UTF8*$!
{
	archiveVersion = 1;
	classes = {
	};
	objectVersion = 50;
	objects = {

/* Begin PBXBuildFile section */
		95F7F352209E2E7D00AAFA15 /* AppDelegate.swift in Sources */ = {isa = PBXBuildFile; fileRef = 95F7F351209E2E7D00AAFA15 /* AppDelegate.swift */; };
		95F7F357209E2E7D00AAFA15 /* Main.storyboard in Resources */ = {isa = PBXBuildFile; fileRef = 95F7F355209E2E7D00AAFA15 /* Main.storyboard */; };
		95F7F359209E2E8000AAFA15 /* Assets.xcassets in Resources */ = {isa = PBXBuildFile; fileRef = 95F7F358209E2E8000AAFA15 /* Assets.xcassets */; };
		95F7F35C209E2E8000AAFA15 /* LaunchScreen.storyboard in Resources */ = {isa = PBXBuildFile; fileRef = 95F7F35A209E2E8000AAFA15 /* LaunchScreen.storyboard */; };
		95F7F364209E306A00AAFA15 /* DrawingViewController.swift in Sources */ = {isa = PBXBuildFile; fileRef = 95F7F363209E306A00AAFA15 /* DrawingViewController.swift */; };
		95F7F366209E33CF00AAFA15 /* Constant.swift in Sources */ = {isa = PBXBuildFile; fileRef = 95F7F365209E33CF00AAFA15 /* Constant.swift */; };
		95F7F368209E419C00AAFA15 /* DrawingVC+Gestures.swift in Sources */ = {isa = PBXBuildFile; fileRef = 95F7F367209E419C00AAFA15 /* DrawingVC+Gestures.swift */; };
		95F7F36A209E4E7D00AAFA15 /* UIColor+Ext.swift in Sources */ = {isa = PBXBuildFile; fileRef = 95F7F369209E4E7D00AAFA15 /* UIColor+Ext.swift */; };
		95F7F36D209F084B00AAFA15 /* RectangleView.swift in Sources */ = {isa = PBXBuildFile; fileRef = 95F7F36C209F084B00AAFA15 /* RectangleView.swift */; };
/* End PBXBuildFile section */

/* Begin PBXFileReference section */
		95F7F34E209E2E7D00AAFA15 /* RectangleApp.app */ = {isa = PBXFileReference; explicitFileType = wrapper.application; includeInIndex = 0; path = RectangleApp.app; sourceTree = BUILT_PRODUCTS_DIR; };
		95F7F351209E2E7D00AAFA15 /* AppDelegate.swift */ = {isa = PBXFileReference; lastKnownFileType = sourcecode.swift; path = AppDelegate.swift; sourceTree = "<group>"; };
		95F7F356209E2E7D00AAFA15 /* Base */ = {isa = PBXFileReference; lastKnownFileType = file.storyboard; name = Base; path = Base.lproj/Main.storyboard; sourceTree = "<group>"; };
		95F7F358209E2E8000AAFA15 /* Assets.xcassets */ = {isa = PBXFileReference; lastKnownFileType = folder.assetcatalog; path = Assets.xcassets; sourceTree = "<group>"; };
		95F7F35B209E2E8000AAFA15 /* Base */ = {isa = PBXFileReference; lastKnownFileType = file.storyboard; name = Base; path = Base.lproj/LaunchScreen.storyboard; sourceTree = "<group>"; };
		95F7F35D209E2E8000AAFA15 /* Info.plist */ = {isa = PBXFileReference; lastKnownFileType = text.plist.xml; path = Info.plist; sourceTree = "<group>"; };
		95F7F363209E306A00AAFA15 /* DrawingViewController.swift */ = {isa = PBXFileReference; lastKnownFileType = sourcecode.swift; path = DrawingViewController.swift; sourceTree = "<group>"; };
		95F7F365209E33CF00AAFA15 /* Constant.swift */ = {isa = PBXFileReference; lastKnownFileType = sourcecode.swift; path = Constant.swift; sourceTree = "<group>"; };
		95F7F367209E419C00AAFA15 /* DrawingVC+Gestures.swift */ = {isa = PBXFileReference; lastKnownFileType = sourcecode.swift; path = "DrawingVC+Gestures.swift"; sourceTree = "<group>"; };
		95F7F369209E4E7D00AAFA15 /* UIColor+Ext.swift */ = {isa = PBXFileReference; lastKnownFileType = sourcecode.swift; path = "UIColor+Ext.swift"; sourceTree = "<group>"; };
		95F7F36C209F084B00AAFA15 /* RectangleView.swift */ = {isa = PBXFileReference; lastKnownFileType = sourcecode.swift; path = RectangleView.swift; sourceTree = "<group>"; };
/* End PBXFileReference section */

/* Begin PBXFrameworksBuildPhase section */
		95F7F34B209E2E7D00AAFA15 /* Frameworks */ = {
			isa = PBXFrameworksBuildPhase;
			buildActionMask = 2147483647;
			files = (
			);
			runOnlyForDeploymentPostprocessing = 0;
		};
/* End PBXFrameworksBuildPhase section */

/* Begin PBXGroup section */
		95F7F345209E2E7D00AAFA15 = {
			isa = PBXGroup;
			children = (
				95F7F350209E2E7D00AAFA15 /* RectangleApp */,
				95F7F34F209E2E7D00AAFA15 /* Products */,
			);
			sourceTree = "<group>";
		};
		95F7F34F209E2E7D00AAFA15 /* Products */ = {
			isa = PBXGroup;
			children = (
				95F7F34E209E2E7D00AAFA15 /* RectangleApp.app */,
			);
			name = Products;
			sourceTree = "<group>";
		};
		95F7F350209E2E7D00AAFA15 /* RectangleApp */ = {
			isa = PBXGroup;
			children = (
				95F7F36B209E4E8200AAFA15 /* Extensions */,
				95F7F36E209F085300AAFA15 /* View */,
				95F7F36F209FA25B00AAFA15 /* DrawingVC */,
				95F7F370209FA2BE00AAFA15 /* Resources */,
			);
			path = RectangleApp;
			sourceTree = "<group>";
		};
		95F7F36B209E4E8200AAFA15 /* Extensions */ = {
			isa = PBXGroup;
			children = (
				95F7F369209E4E7D00AAFA15 /* UIColor+Ext.swift */,
			);
			path = Extensions;
			sourceTree = "<group>";
		};
		95F7F36E209F085300AAFA15 /* View */ = {
			isa = PBXGroup;
			children = (
				95F7F36C209F084B00AAFA15 /* RectangleView.swift */,
			);
			path = View;
			sourceTree = "<group>";
		};
		95F7F36F209FA25B00AAFA15 /* DrawingVC */ = {
			isa = PBXGroup;
			children = (
				95F7F363209E306A00AAFA15 /* DrawingViewController.swift */,
				95F7F367209E419C00AAFA15 /* DrawingVC+Gestures.swift */,
			);
			path = DrawingVC;
			sourceTree = "<group>";
		};
		95F7F370209FA2BE00AAFA15 /* Resources */ = {
			isa = PBXGroup;
			children = (
				95F7F365209E33CF00AAFA15 /* Constant.swift */,
				95F7F351209E2E7D00AAFA15 /* AppDelegate.swift */,
				95F7F355209E2E7D00AAFA15 /* Main.storyboard */,
				95F7F358209E2E8000AAFA15 /* Assets.xcassets */,
				95F7F35A209E2E8000AAFA15 /* LaunchScreen.storyboard */,
				95F7F35D209E2E8000AAFA15 /* Info.plist */,
			);
			path = Resources;
			sourceTree = "<group>";
		};
/* End PBXGroup section */

/* Begin PBXNativeTarget section */
		95F7F34D209E2E7D00AAFA15 /* RectangleApp */ = {
			isa = PBXNativeTarget;
			buildConfigurationList = 95F7F360209E2E8000AAFA15 /* Build configuration list for PBXNativeTarget "RectangleApp" */;
			buildPhases = (
				95F7F34A209E2E7D00AAFA15 /* Sources */,
				95F7F34B209E2E7D00AAFA15 /* Frameworks */,
				95F7F34C209E2E7D00AAFA15 /* Resources */,
			);
			buildRules = (
			);
			dependencies = (
			);
			name = RectangleApp;
			productName = RectangleApp;
			productReference = 95F7F34E209E2E7D00AAFA15 /* RectangleApp.app */;
			productType = "com.apple.product-type.application";
		};
/* End PBXNativeTarget section */

/* Begin PBXProject section */
		95F7F346209E2E7D00AAFA15 /* Project object */ = {
			isa = PBXProject;
			attributes = {
				LastSwiftUpdateCheck = 0930;
				LastUpgradeCheck = 0930;
				ORGANIZATIONNAME = "Anna Lutsenko";
				TargetAttributes = {
					95F7F34D209E2E7D00AAFA15 = {
						CreatedOnToolsVersion = 9.3;
					};
				};
			};
			buildConfigurationList = 95F7F349209E2E7D00AAFA15 /* Build configuration list for PBXProject "RectangleApp" */;
			compatibilityVersion = "Xcode 9.3";
			developmentRegion = en;
			hasScannedForEncodings = 0;
			knownRegions = (
				en,
				Base,
			);
			mainGroup = 95F7F345209E2E7D00AAFA15;
			productRefGroup = 95F7F34F209E2E7D00AAFA15 /* Products */;
			projectDirPath = "";
			projectRoot = "";
			targets = (
				95F7F34D209E2E7D00AAFA15 /* RectangleApp */,
			);
		};
/* End PBXProject section */

/* Begin PBXResourcesBuildPhase section */
		95F7F34C209E2E7D00AAFA15 /* Resources */ = {
			isa = PBXResourcesBuildPhase;
			buildActionMask = 2147483647;
			files = (
				95F7F35C209E2E8000AAFA15 /* LaunchScreen.storyboard in Resources */,
				95F7F359209E2E8000AAFA15 /* Assets.xcassets in Resources */,
				95F7F357209E2E7D00AAFA15 /* Main.storyboard in Resources */,
			);
			runOnlyForDeploymentPostprocessing = 0;
		};
/* End PBXResourcesBuildPhase section */

/* Begin PBXSourcesBuildPhase section */
		95F7F34A209E2E7D00AAFA15 /* Sources */ = {
			isa = PBXSourcesBuildPhase;
			buildActionMask = 2147483647;
			files = (
				95F7F352209E2E7D00AAFA15 /* AppDelegate.swift in Sources */,
				95F7F368209E419C00AAFA15 /* DrawingVC+Gestures.swift in Sources */,
				95F7F36D209F084B00AAFA15 /* RectangleView.swift in Sources */,
				95F7F36A209E4E7D00AAFA15 /* UIColor+Ext.swift in Sources */,
				95F7F364209E306A00AAFA15 /* DrawingViewController.swift in Sources */,
				95F7F366209E33CF00AAFA15 /* Constant.swift in Sources */,
			);
			runOnlyForDeploymentPostprocessing = 0;
		};
/* End PBXSourcesBuildPhase section */

/* Begin PBXVariantGroup section */
		95F7F355209E2E7D00AAFA15 /* Main.storyboard */ = {
			isa = PBXVariantGroup;
			children = (
				95F7F356209E2E7D00AAFA15 /* Base */,
			);
			name = Main.storyboard;
			sourceTree = "<group>";
		};
		95F7F35A209E2E8000AAFA15 /* LaunchScreen.storyboard */ = {
			isa = PBXVariantGroup;
			children = (
				95F7F35B209E2E8000AAFA15 /* Base */,
			);
			name = LaunchScreen.storyboard;
			sourceTree = "<group>";
		};
/* End PBXVariantGroup section */

/* Begin XCBuildConfiguration section */
		95F7F35E209E2E8000AAFA15 /* Debug */ = {
			isa = XCBuildConfiguration;
			buildSettings = {
				ALWAYS_SEARCH_USER_PATHS = NO;
				CLANG_ANALYZER_NONNULL = YES;
				CLANG_ANALYZER_NUMBER_OBJECT_CONVERSION = YES_AGGRESSIVE;
				CLANG_CXX_LANGUAGE_STANDARD = "gnu++14";
				CLANG_CXX_LIBRARY = "libc++";
				CLANG_ENABLE_MODULES = YES;
				CLANG_ENABLE_OBJC_ARC = YES;
				CLANG_ENABLE_OBJC_WEAK = YES;
				CLANG_WARN_BLOCK_CAPTURE_AUTORELEASING = YES;
				CLANG_WARN_BOOL_CONVERSION = YES;
				CLANG_WARN_COMMA = YES;
				CLANG_WARN_CONSTANT_CONVERSION = YES;
				CLANG_WARN_DEPRECATED_OBJC_IMPLEMENTATIONS = YES;
				CLANG_WARN_DIRECT_OBJC_ISA_USAGE = YES_ERROR;
				CLANG_WARN_DOCUMENTATION_COMMENTS = YES;
				CLANG_WARN_EMPTY_BODY = YES;
				CLANG_WARN_ENUM_CONVERSION = YES;
				CLANG_WARN_INFINITE_RECURSION = YES;
				CLANG_WARN_INT_CONVERSION = YES;
				CLANG_WARN_NON_LITERAL_NULL_CONVERSION = YES;
				CLANG_WARN_OBJC_IMPLICIT_RETAIN_SELF = YES;
				CLANG_WARN_OBJC_LITERAL_CONVERSION = YES;
				CLANG_WARN_OBJC_ROOT_CLASS = YES_ERROR;
				CLANG_WARN_RANGE_LOOP_ANALYSIS = YES;
				CLANG_WARN_STRICT_PROTOTYPES = YES;
				CLANG_WARN_SUSPICIOUS_MOVE = YES;
				CLANG_WARN_UNGUARDED_AVAILABILITY = YES_AGGRESSIVE;
				CLANG_WARN_UNREACHABLE_CODE = YES;
				CLANG_WARN__DUPLICATE_METHOD_MATCH = YES;
				CODE_SIGN_IDENTITY = "iPhone Developer";
				COPY_PHASE_STRIP = NO;
				DEBUG_INFORMATION_FORMAT = dwarf;
				ENABLE_STRICT_OBJC_MSGSEND = YES;
				ENABLE_TESTABILITY = YES;
				GCC_C_LANGUAGE_STANDARD = gnu11;
				GCC_DYNAMIC_NO_PIC = NO;
				GCC_NO_COMMON_BLOCKS = YES;
				GCC_OPTIMIZATION_LEVEL = 0;
				GCC_PREPROCESSOR_DEFINITIONS = (
					"DEBUG=1",
					"$(inherited)",
				);
				GCC_WARN_64_TO_32_BIT_CONVERSION = YES;
				GCC_WARN_ABOUT_RETURN_TYPE = YES_ERROR;
				GCC_WARN_UNDECLARED_SELECTOR = YES;
				GCC_WARN_UNINITIALIZED_AUTOS = YES_AGGRESSIVE;
				GCC_WARN_UNUSED_FUNCTION = YES;
				GCC_WARN_UNUSED_VARIABLE = YES;
				IPHONEOS_DEPLOYMENT_TARGET = 11.3;
				MTL_ENABLE_DEBUG_INFO = YES;
				ONLY_ACTIVE_ARCH = YES;
				SDKROOT = iphoneos;
				SWIFT_ACTIVE_COMPILATION_CONDITIONS = DEBUG;
				SWIFT_OPTIMIZATION_LEVEL = "-Onone";
			};
			name = Debug;
		};
		95F7F35F209E2E8000AAFA15 /* Release */ = {
			isa = XCBuildConfiguration;
			buildSettings = {
				ALWAYS_SEARCH_USER_PATHS = NO;
				CLANG_ANALYZER_NONNULL = YES;
				CLANG_ANALYZER_NUMBER_OBJECT_CONVERSION = YES_AGGRESSIVE;
				CLANG_CXX_LANGUAGE_STANDARD = "gnu++14";
				CLANG_CXX_LIBRARY = "libc++";
				CLANG_ENABLE_MODULES = YES;
				CLANG_ENABLE_OBJC_ARC = YES;
				CLANG_ENABLE_OBJC_WEAK = YES;
				CLANG_WARN_BLOCK_CAPTURE_AUTORELEASING = YES;
				CLANG_WARN_BOOL_CONVERSION = YES;
				CLANG_WARN_COMMA = YES;
				CLANG_WARN_CONSTANT_CONVERSION = YES;
				CLANG_WARN_DEPRECATED_OBJC_IMPLEMENTATIONS = YES;
				CLANG_WARN_DIRECT_OBJC_ISA_USAGE = YES_ERROR;
				CLANG_WARN_DOCUMENTATION_COMMENTS = YES;
				CLANG_WARN_EMPTY_BODY = YES;
				CLANG_WARN_ENUM_CONVERSION = YES;
				CLANG_WARN_INFINITE_RECURSION = YES;
				CLANG_WARN_INT_CONVERSION = YES;
				CLANG_WARN_NON_LITERAL_NULL_CONVERSION = YES;
				CLANG_WARN_OBJC_IMPLICIT_RETAIN_SELF = YES;
				CLANG_WARN_OBJC_LITERAL_CONVERSION = YES;
				CLANG_WARN_OBJC_ROOT_CLASS = YES_ERROR;
				CLANG_WARN_RANGE_LOOP_ANALYSIS = YES;
				CLANG_WARN_STRICT_PROTOTYPES = YES;
				CLANG_WARN_SUSPICIOUS_MOVE = YES;
				CLANG_WARN_UNGUARDED_AVAILABILITY = YES_AGGRESSIVE;
				CLANG_WARN_UNREACHABLE_CODE = YES;
				CLANG_WARN__DUPLICATE_METHOD_MATCH = YES;
				CODE_SIGN_IDENTITY = "iPhone Developer";
				COPY_PHASE_STRIP = NO;
				DEBUG_INFORMATION_FORMAT = "dwarf-with-dsym";
				ENABLE_NS_ASSERTIONS = NO;
				ENABLE_STRICT_OBJC_MSGSEND = YES;
				GCC_C_LANGUAGE_STANDARD = gnu11;
				GCC_NO_COMMON_BLOCKS = YES;
				GCC_WARN_64_TO_32_BIT_CONVERSION = YES;
				GCC_WARN_ABOUT_RETURN_TYPE = YES_ERROR;
				GCC_WARN_UNDECLARED_SELECTOR = YES;
				GCC_WARN_UNINITIALIZED_AUTOS = YES_AGGRESSIVE;
				GCC_WARN_UNUSED_FUNCTION = YES;
				GCC_WARN_UNUSED_VARIABLE = YES;
				IPHONEOS_DEPLOYMENT_TARGET = 11.3;
				MTL_ENABLE_DEBUG_INFO = NO;
				SDKROOT = iphoneos;
				SWIFT_COMPILATION_MODE = wholemodule;
				SWIFT_OPTIMIZATION_LEVEL = "-O";
				VALIDATE_PRODUCT = YES;
			};
			name = Release;
		};
		95F7F361209E2E8000AAFA15 /* Debug */ = {
			isa = XCBuildConfiguration;
			buildSettings = {
				ASSETCATALOG_COMPILER_APPICON_NAME = AppIcon;
				CODE_SIGN_STYLE = Automatic;
				DEVELOPMENT_TEAM = KK6SM6Q23J;
				INFOPLIST_FILE = RectangleApp/Resources/Info.plist;
				IPHONEOS_DEPLOYMENT_TARGET = 11.0;
				LD_RUNPATH_SEARCH_PATHS = (
					"$(inherited)",
					"@executable_path/Frameworks",
				);
				PRODUCT_BUNDLE_IDENTIFIER = com.annalutsenko.RectangleApp;
				PRODUCT_NAME = "$(TARGET_NAME)";
				SWIFT_VERSION = 4.0;
				TARGETED_DEVICE_FAMILY = "1,2";
			};
			name = Debug;
		};
		95F7F362209E2E8000AAFA15 /* Release */ = {
			isa = XCBuildConfiguration;
			buildSettings = {
				ASSETCATALOG_COMPILER_APPICON_NAME = AppIcon;
				CODE_SIGN_STYLE = Automatic;
				DEVELOPMENT_TEAM = KK6SM6Q23J;
				INFOPLIST_FILE = RectangleApp/Resources/Info.plist;
				IPHONEOS_DEPLOYMENT_TARGET = 11.0;
				LD_RUNPATH_SEARCH_PATHS = (
					"$(inherited)",
					"@executable_path/Frameworks",
				);
				PRODUCT_BUNDLE_IDENTIFIER = com.annalutsenko.RectangleApp;
				PRODUCT_NAME = "$(TARGET_NAME)";
				SWIFT_VERSION = 4.0;
				TARGETED_DEVICE_FAMILY = "1,2";
			};
			name = Release;
		};
/* End XCBuildConfiguration section */

/* Begin XCConfigurationList section */
		95F7F349209E2E7D00AAFA15 /* Build configuration list for PBXProject "RectangleApp" */ = {
			isa = XCConfigurationList;
			buildConfigurations = (
				95F7F35E209E2E8000AAFA15 /* Debug */,
				95F7F35F209E2E8000AAFA15 /* Release */,
			);
			defaultConfigurationIsVisible = 0;
			defaultConfigurationName = Release;
		};
		95F7F360209E2E8000AAFA15 /* Build configuration list for PBXNativeTarget "RectangleApp" */ = {
			isa = XCConfigurationList;
			buildConfigurations = (
				95F7F361209E2E8000AAFA15 /* Debug */,
				95F7F362209E2E8000AAFA15 /* Release */,
			);
			defaultConfigurationIsVisible = 0;
			defaultConfigurationName = Release;
		};
/* End XCConfigurationList section */
	};
	rootObject = 95F7F346209E2E7D00AAFA15 /* Project object */;
}
